// !$*UTF8*$!
{
	archiveVersion = 1;
	classes = {
	};
	objectVersion = 55;
	objects = {

/* Begin PBXBuildFile section */
		770DF6D028CA64EE00349D55 /* SideMenu in Frameworks */ = {isa = PBXBuildFile; productRef = 770DF6CF28CA64EE00349D55 /* SideMenu */; };
		770DF6D328CA650500349D55 /* RxCocoa in Frameworks */ = {isa = PBXBuildFile; productRef = 770DF6D228CA650500349D55 /* RxCocoa */; };
		770DF6D528CA650500349D55 /* RxRelay in Frameworks */ = {isa = PBXBuildFile; productRef = 770DF6D428CA650500349D55 /* RxRelay */; };
		770DF6D728CA650500349D55 /* RxSwift in Frameworks */ = {isa = PBXBuildFile; productRef = 770DF6D628CA650500349D55 /* RxSwift */; };
		770DF6DB28CA676E00349D55 /* SideMenuNavigationController.swift in Sources */ = {isa = PBXBuildFile; fileRef = 770DF6DA28CA676E00349D55 /* SideMenuNavigationController.swift */; };
		770DF6DD28CA68B300349D55 /* CurrentDiaryViewController.swift in Sources */ = {isa = PBXBuildFile; fileRef = 770DF6DC28CA68B300349D55 /* CurrentDiaryViewController.swift */; };
		770DF6DF28CA68BE00349D55 /* FutureDiaryController.swift in Sources */ = {isa = PBXBuildFile; fileRef = 770DF6DE28CA68BE00349D55 /* FutureDiaryController.swift */; };
		770DF6E128CA68FB00349D55 /* SettingViewController.swift in Sources */ = {isa = PBXBuildFile; fileRef = 770DF6E028CA68FB00349D55 /* SettingViewController.swift */; };
		770DF6E328CA6A1900349D55 /* CurrentDiaryViewModel.swift in Sources */ = {isa = PBXBuildFile; fileRef = 770DF6E228CA6A1900349D55 /* CurrentDiaryViewModel.swift */; };
		770DF6E528CA6A2700349D55 /* FutureDiaryViewModel.swift in Sources */ = {isa = PBXBuildFile; fileRef = 770DF6E428CA6A2700349D55 /* FutureDiaryViewModel.swift */; };
		770DF6EB28CA6BF900349D55 /* HomeCollectionViewCell.swift in Sources */ = {isa = PBXBuildFile; fileRef = 770DF6EA28CA6BF900349D55 /* HomeCollectionViewCell.swift */; };
		7722831C28D36268007A9557 /* Date+Extension.swift in Sources */ = {isa = PBXBuildFile; fileRef = 7722831B28D36268007A9557 /* Date+Extension.swift */; };
		7722832228D505D8007A9557 /* IQKeyboardManagerSwift in Frameworks */ = {isa = PBXBuildFile; productRef = 7722832128D505D8007A9557 /* IQKeyboardManagerSwift */; };
		7722832428D50843007A9557 /* UIViewController+Extension.swift in Sources */ = {isa = PBXBuildFile; fileRef = 7722832328D50843007A9557 /* UIViewController+Extension.swift */; };
		77260C9428D5F199007453E7 /* ReusableTableViewCell.swift in Sources */ = {isa = PBXBuildFile; fileRef = 77260C9328D5F199007453E7 /* ReusableTableViewCell.swift */; };
		77260C9928D61D3E007453E7 /* Zip in Frameworks */ = {isa = PBXBuildFile; productRef = 77260C9828D61D3E007453E7 /* Zip */; };
		77260C9B28D6228E007453E7 /* LicenseViewController.swift in Sources */ = {isa = PBXBuildFile; fileRef = 77260C9A28D6228E007453E7 /* LicenseViewController.swift */; };
		773A6E3D28CC74D500452D68 /* UIView+Extension.swift in Sources */ = {isa = PBXBuildFile; fileRef = 773A6E3C28CC74D500452D68 /* UIView+Extension.swift */; };
		773A6E3F28CC9F2600452D68 /* FuryTextField.swift in Sources */ = {isa = PBXBuildFile; fileRef = 773A6E3E28CC9F2600452D68 /* FuryTextField.swift */; };
		773A6E4328CF6D0E00452D68 /* Color.swift in Sources */ = {isa = PBXBuildFile; fileRef = 773A6E4228CF6D0E00452D68 /* Color.swift */; };
		7766CF1A28D8DCF900F89B11 /* CopyrightViewViewController.swift in Sources */ = {isa = PBXBuildFile; fileRef = 7766CF1928D8DCF900F89B11 /* CopyrightViewViewController.swift */; };
		7766CF2128DA2D8300F89B11 /* 나눔손글씨 나의 아내 손글씨.ttf in Resources */ = {isa = PBXBuildFile; fileRef = 7766CF2028DA2D8300F89B11 /* 나눔손글씨 나의 아내 손글씨.ttf */; };
		776DF96828CF95B000809EA2 /* CollectionViewController.swift in Sources */ = {isa = PBXBuildFile; fileRef = 776DF96728CF95B000809EA2 /* CollectionViewController.swift */; };
		776DF96A28CF980400809EA2 /* SearchViewController.swift in Sources */ = {isa = PBXBuildFile; fileRef = 776DF96928CF980400809EA2 /* SearchViewController.swift */; };
		776DF96C28D055EA00809EA2 /* CollectionHeaderReusableView.swift in Sources */ = {isa = PBXBuildFile; fileRef = 776DF96B28D055EA00809EA2 /* CollectionHeaderReusableView.swift */; };
		7781264D28CB22A30078CAD6 /* Realm in Frameworks */ = {isa = PBXBuildFile; productRef = 7781264C28CB22A30078CAD6 /* Realm */; };
		7781264F28CB22A30078CAD6 /* RealmSwift in Frameworks */ = {isa = PBXBuildFile; productRef = 7781264E28CB22A30078CAD6 /* RealmSwift */; };
		7781265128CB2BA80078CAD6 /* Diary.swift in Sources */ = {isa = PBXBuildFile; fileRef = 7781265028CB2BA80078CAD6 /* Diary.swift */; };
		7781265328CB2C310078CAD6 /* RealmRepository.swift in Sources */ = {isa = PBXBuildFile; fileRef = 7781265228CB2C310078CAD6 /* RealmRepository.swift */; };
		7781265628CB2FB80078CAD6 /* Toast in Frameworks */ = {isa = PBXBuildFile; productRef = 7781265528CB2FB80078CAD6 /* Toast */; };
		779DA61328CA62BB00561000 /* AppDelegate.swift in Sources */ = {isa = PBXBuildFile; fileRef = 779DA61228CA62BB00561000 /* AppDelegate.swift */; };
		779DA61528CA62BB00561000 /* SceneDelegate.swift in Sources */ = {isa = PBXBuildFile; fileRef = 779DA61428CA62BB00561000 /* SceneDelegate.swift */; };
		779DA61728CA62BB00561000 /* HomeViewController.swift in Sources */ = {isa = PBXBuildFile; fileRef = 779DA61628CA62BB00561000 /* HomeViewController.swift */; };
		779DA61C28CA62BC00561000 /* Assets.xcassets in Resources */ = {isa = PBXBuildFile; fileRef = 779DA61B28CA62BC00561000 /* Assets.xcassets */; };
		779DA61F28CA62BC00561000 /* LaunchScreen.storyboard in Resources */ = {isa = PBXBuildFile; fileRef = 779DA61D28CA62BC00561000 /* LaunchScreen.storyboard */; };
/* End PBXBuildFile section */

/* Begin PBXFileReference section */
		770DF6DA28CA676E00349D55 /* SideMenuNavigationController.swift */ = {isa = PBXFileReference; lastKnownFileType = sourcecode.swift; path = SideMenuNavigationController.swift; sourceTree = "<group>"; };
		770DF6DC28CA68B300349D55 /* CurrentDiaryViewController.swift */ = {isa = PBXFileReference; lastKnownFileType = sourcecode.swift; path = CurrentDiaryViewController.swift; sourceTree = "<group>"; };
		770DF6DE28CA68BE00349D55 /* FutureDiaryController.swift */ = {isa = PBXFileReference; lastKnownFileType = sourcecode.swift; path = FutureDiaryController.swift; sourceTree = "<group>"; };
		770DF6E028CA68FB00349D55 /* SettingViewController.swift */ = {isa = PBXFileReference; lastKnownFileType = sourcecode.swift; path = SettingViewController.swift; sourceTree = "<group>"; };
		770DF6E228CA6A1900349D55 /* CurrentDiaryViewModel.swift */ = {isa = PBXFileReference; lastKnownFileType = sourcecode.swift; path = CurrentDiaryViewModel.swift; sourceTree = "<group>"; };
		770DF6E428CA6A2700349D55 /* FutureDiaryViewModel.swift */ = {isa = PBXFileReference; lastKnownFileType = sourcecode.swift; path = FutureDiaryViewModel.swift; sourceTree = "<group>"; };
		770DF6EA28CA6BF900349D55 /* HomeCollectionViewCell.swift */ = {isa = PBXFileReference; lastKnownFileType = sourcecode.swift; path = HomeCollectionViewCell.swift; sourceTree = "<group>"; };
		7722831B28D36268007A9557 /* Date+Extension.swift */ = {isa = PBXFileReference; lastKnownFileType = sourcecode.swift; path = "Date+Extension.swift"; sourceTree = "<group>"; };
		7722832328D50843007A9557 /* UIViewController+Extension.swift */ = {isa = PBXFileReference; lastKnownFileType = sourcecode.swift; path = "UIViewController+Extension.swift"; sourceTree = "<group>"; };
		77260C9328D5F199007453E7 /* ReusableTableViewCell.swift */ = {isa = PBXFileReference; lastKnownFileType = sourcecode.swift; path = ReusableTableViewCell.swift; sourceTree = "<group>"; };
		77260C9A28D6228E007453E7 /* LicenseViewController.swift */ = {isa = PBXFileReference; lastKnownFileType = sourcecode.swift; path = LicenseViewController.swift; sourceTree = "<group>"; };
		773A6E3C28CC74D500452D68 /* UIView+Extension.swift */ = {isa = PBXFileReference; lastKnownFileType = sourcecode.swift; path = "UIView+Extension.swift"; sourceTree = "<group>"; };
		773A6E3E28CC9F2600452D68 /* FuryTextField.swift */ = {isa = PBXFileReference; lastKnownFileType = sourcecode.swift; path = FuryTextField.swift; sourceTree = "<group>"; };
		773A6E4128CF508700452D68 /* ko */ = {isa = PBXFileReference; lastKnownFileType = file.storyboard; name = ko; path = ko.lproj/LaunchScreen.storyboard; sourceTree = "<group>"; };
		773A6E4228CF6D0E00452D68 /* Color.swift */ = {isa = PBXFileReference; lastKnownFileType = sourcecode.swift; path = Color.swift; sourceTree = "<group>"; };
		7766CF1928D8DCF900F89B11 /* CopyrightViewViewController.swift */ = {isa = PBXFileReference; lastKnownFileType = sourcecode.swift; path = CopyrightViewViewController.swift; sourceTree = "<group>"; };
		7766CF2028DA2D8300F89B11 /* 나눔손글씨 나의 아내 손글씨.ttf */ = {isa = PBXFileReference; lastKnownFileType = file; path = "나눔손글씨 나의 아내 손글씨.ttf"; sourceTree = "<group>"; };
		776DF96728CF95B000809EA2 /* CollectionViewController.swift */ = {isa = PBXFileReference; lastKnownFileType = sourcecode.swift; path = CollectionViewController.swift; sourceTree = "<group>"; };
		776DF96928CF980400809EA2 /* SearchViewController.swift */ = {isa = PBXFileReference; lastKnownFileType = sourcecode.swift; path = SearchViewController.swift; sourceTree = "<group>"; };
		776DF96B28D055EA00809EA2 /* CollectionHeaderReusableView.swift */ = {isa = PBXFileReference; lastKnownFileType = sourcecode.swift; path = CollectionHeaderReusableView.swift; sourceTree = "<group>"; };
		7781265028CB2BA80078CAD6 /* Diary.swift */ = {isa = PBXFileReference; lastKnownFileType = sourcecode.swift; path = Diary.swift; sourceTree = "<group>"; };
		7781265228CB2C310078CAD6 /* RealmRepository.swift */ = {isa = PBXFileReference; lastKnownFileType = sourcecode.swift; path = RealmRepository.swift; sourceTree = "<group>"; };
		779DA60F28CA62BB00561000 /* FutureDiary.app */ = {isa = PBXFileReference; explicitFileType = wrapper.application; includeInIndex = 0; path = FutureDiary.app; sourceTree = BUILT_PRODUCTS_DIR; };
		779DA61228CA62BB00561000 /* AppDelegate.swift */ = {isa = PBXFileReference; lastKnownFileType = sourcecode.swift; path = AppDelegate.swift; sourceTree = "<group>"; };
		779DA61428CA62BB00561000 /* SceneDelegate.swift */ = {isa = PBXFileReference; lastKnownFileType = sourcecode.swift; path = SceneDelegate.swift; sourceTree = "<group>"; };
		779DA61628CA62BB00561000 /* HomeViewController.swift */ = {isa = PBXFileReference; lastKnownFileType = sourcecode.swift; path = HomeViewController.swift; sourceTree = "<group>"; };
		779DA61B28CA62BC00561000 /* Assets.xcassets */ = {isa = PBXFileReference; lastKnownFileType = folder.assetcatalog; path = Assets.xcassets; sourceTree = "<group>"; };
		779DA62028CA62BC00561000 /* Info.plist */ = {isa = PBXFileReference; lastKnownFileType = text.plist.xml; path = Info.plist; sourceTree = "<group>"; };
/* End PBXFileReference section */

/* Begin PBXFrameworksBuildPhase section */
		779DA60C28CA62BB00561000 /* Frameworks */ = {
			isa = PBXFrameworksBuildPhase;
			buildActionMask = 2147483647;
			files = (
				7781264F28CB22A30078CAD6 /* RealmSwift in Frameworks */,
				770DF6D528CA650500349D55 /* RxRelay in Frameworks */,
				770DF6D328CA650500349D55 /* RxCocoa in Frameworks */,
				770DF6D728CA650500349D55 /* RxSwift in Frameworks */,
				7722832228D505D8007A9557 /* IQKeyboardManagerSwift in Frameworks */,
				77260C9928D61D3E007453E7 /* Zip in Frameworks */,
				770DF6D028CA64EE00349D55 /* SideMenu in Frameworks */,
				7781265628CB2FB80078CAD6 /* Toast in Frameworks */,
				7781264D28CB22A30078CAD6 /* Realm in Frameworks */,
			);
			runOnlyForDeploymentPostprocessing = 0;
		};
/* End PBXFrameworksBuildPhase section */

/* Begin PBXGroup section */
		770DF6E828CA6BC600349D55 /* Resuable */ = {
			isa = PBXGroup;
			children = (
				770DF6EA28CA6BF900349D55 /* HomeCollectionViewCell.swift */,
				776DF96B28D055EA00809EA2 /* CollectionHeaderReusableView.swift */,
				77260C9328D5F199007453E7 /* ReusableTableViewCell.swift */,
			);
			path = Resuable;
			sourceTree = "<group>";
		};
		770DF6E928CA6BD200349D55 /* ViewController */ = {
			isa = PBXGroup;
			children = (
				779DA61628CA62BB00561000 /* HomeViewController.swift */,
				770DF6DA28CA676E00349D55 /* SideMenuNavigationController.swift */,
				770DF6DC28CA68B300349D55 /* CurrentDiaryViewController.swift */,
				770DF6DE28CA68BE00349D55 /* FutureDiaryController.swift */,
				776DF96928CF980400809EA2 /* SearchViewController.swift */,
				776DF96728CF95B000809EA2 /* CollectionViewController.swift */,
				770DF6E028CA68FB00349D55 /* SettingViewController.swift */,
				77260C9A28D6228E007453E7 /* LicenseViewController.swift */,
				7766CF1928D8DCF900F89B11 /* CopyrightViewViewController.swift */,
				770DF6E828CA6BC600349D55 /* Resuable */,
			);
			path = ViewController;
			sourceTree = "<group>";
		};
		773A6E3B28CC74B700452D68 /* Extension */ = {
			isa = PBXGroup;
			children = (
				773A6E3C28CC74D500452D68 /* UIView+Extension.swift */,
				7722832328D50843007A9557 /* UIViewController+Extension.swift */,
				7722831B28D36268007A9557 /* Date+Extension.swift */,
				773A6E3E28CC9F2600452D68 /* FuryTextField.swift */,
				773A6E4228CF6D0E00452D68 /* Color.swift */,
			);
			path = Extension;
			sourceTree = "<group>";
		};
		7766CF1B28DA286900F89B11 /* Font */ = {
			isa = PBXGroup;
			children = (
				7766CF2028DA2D8300F89B11 /* 나눔손글씨 나의 아내 손글씨.ttf */,
			);
			path = Font;
			sourceTree = "<group>";
		};
		779DA60628CA62BB00561000 = {
			isa = PBXGroup;
			children = (
				779DA61128CA62BB00561000 /* FutureDiary */,
				779DA61028CA62BB00561000 /* Products */,
			);
			sourceTree = "<group>";
		};
		779DA61028CA62BB00561000 /* Products */ = {
			isa = PBXGroup;
			children = (
				779DA60F28CA62BB00561000 /* FutureDiary.app */,
			);
			name = Products;
			sourceTree = "<group>";
		};
		779DA61128CA62BB00561000 /* FutureDiary */ = {
			isa = PBXGroup;
			children = (
				779DA62028CA62BC00561000 /* Info.plist */,
				779DA62628CA62CB00561000 /* Application */,
				779DA62828CA632A00561000 /* Model */,
				779DA62728CA632000561000 /* View */,
				779DA62928CA633100561000 /* ViewModel */,
				773A6E3B28CC74B700452D68 /* Extension */,
				779DA62A28CA633E00561000 /* Assets */,
			);
			path = FutureDiary;
			sourceTree = "<group>";
		};
		779DA62628CA62CB00561000 /* Application */ = {
			isa = PBXGroup;
			children = (
				779DA61D28CA62BC00561000 /* LaunchScreen.storyboard */,
				779DA61228CA62BB00561000 /* AppDelegate.swift */,
				779DA61428CA62BB00561000 /* SceneDelegate.swift */,
			);
			path = Application;
			sourceTree = "<group>";
		};
		779DA62728CA632000561000 /* View */ = {
			isa = PBXGroup;
			children = (
				770DF6E928CA6BD200349D55 /* ViewController */,
			);
			path = View;
			sourceTree = "<group>";
		};
		779DA62828CA632A00561000 /* Model */ = {
			isa = PBXGroup;
			children = (
				7781265028CB2BA80078CAD6 /* Diary.swift */,
				7781265228CB2C310078CAD6 /* RealmRepository.swift */,
			);
			path = Model;
			sourceTree = "<group>";
		};
		779DA62928CA633100561000 /* ViewModel */ = {
			isa = PBXGroup;
			children = (
				770DF6E228CA6A1900349D55 /* CurrentDiaryViewModel.swift */,
				770DF6E428CA6A2700349D55 /* FutureDiaryViewModel.swift */,
			);
			path = ViewModel;
			sourceTree = "<group>";
		};
		779DA62A28CA633E00561000 /* Assets */ = {
			isa = PBXGroup;
			children = (
				7766CF1B28DA286900F89B11 /* Font */,
				779DA61B28CA62BC00561000 /* Assets.xcassets */,
			);
			path = Assets;
			sourceTree = "<group>";
		};
/* End PBXGroup section */

/* Begin PBXNativeTarget section */
		779DA60E28CA62BB00561000 /* FutureDiary */ = {
			isa = PBXNativeTarget;
			buildConfigurationList = 779DA62328CA62BC00561000 /* Build configuration list for PBXNativeTarget "FutureDiary" */;
			buildPhases = (
				779DA60B28CA62BB00561000 /* Sources */,
				779DA60C28CA62BB00561000 /* Frameworks */,
				779DA60D28CA62BB00561000 /* Resources */,
			);
			buildRules = (
			);
			dependencies = (
			);
			name = FutureDiary;
			packageProductDependencies = (
				770DF6CF28CA64EE00349D55 /* SideMenu */,
				770DF6D228CA650500349D55 /* RxCocoa */,
				770DF6D428CA650500349D55 /* RxRelay */,
				770DF6D628CA650500349D55 /* RxSwift */,
				7781264C28CB22A30078CAD6 /* Realm */,
				7781264E28CB22A30078CAD6 /* RealmSwift */,
				7781265528CB2FB80078CAD6 /* Toast */,
				7722832128D505D8007A9557 /* IQKeyboardManagerSwift */,
				77260C9828D61D3E007453E7 /* Zip */,
			);
			productName = FutureDiary;
			productReference = 779DA60F28CA62BB00561000 /* FutureDiary.app */;
			productType = "com.apple.product-type.application";
		};
/* End PBXNativeTarget section */

/* Begin PBXProject section */
		779DA60728CA62BB00561000 /* Project object */ = {
			isa = PBXProject;
			attributes = {
				BuildIndependentTargetsInParallel = 1;
				LastSwiftUpdateCheck = 1340;
				LastUpgradeCheck = 1340;
				TargetAttributes = {
					779DA60E28CA62BB00561000 = {
						CreatedOnToolsVersion = 13.4.1;
					};
				};
			};
			buildConfigurationList = 779DA60A28CA62BB00561000 /* Build configuration list for PBXProject "FutureDiary" */;
			compatibilityVersion = "Xcode 13.0";
			developmentRegion = en;
			hasScannedForEncodings = 0;
			knownRegions = (
				en,
				ko,
			);
			mainGroup = 779DA60628CA62BB00561000;
			packageReferences = (
				770DF6CE28CA64EE00349D55 /* XCRemoteSwiftPackageReference "SideMenu" */,
				770DF6D128CA650500349D55 /* XCRemoteSwiftPackageReference "RxSwift" */,
				7781264B28CB22A30078CAD6 /* XCRemoteSwiftPackageReference "realm-swift" */,
				7781265428CB2FB80078CAD6 /* XCRemoteSwiftPackageReference "Toast-Swift" */,
				7722832028D505D8007A9557 /* XCRemoteSwiftPackageReference "IQKeyboardManager" */,
				77260C9728D61D3E007453E7 /* XCRemoteSwiftPackageReference "Zip" */,
			);
			productRefGroup = 779DA61028CA62BB00561000 /* Products */;
			projectDirPath = "";
			projectRoot = "";
			targets = (
				779DA60E28CA62BB00561000 /* FutureDiary */,
			);
		};
/* End PBXProject section */

/* Begin PBXResourcesBuildPhase section */
		779DA60D28CA62BB00561000 /* Resources */ = {
			isa = PBXResourcesBuildPhase;
			buildActionMask = 2147483647;
			files = (
				779DA61F28CA62BC00561000 /* LaunchScreen.storyboard in Resources */,
				779DA61C28CA62BC00561000 /* Assets.xcassets in Resources */,
				7766CF2128DA2D8300F89B11 /* 나눔손글씨 나의 아내 손글씨.ttf in Resources */,
			);
			runOnlyForDeploymentPostprocessing = 0;
		};
/* End PBXResourcesBuildPhase section */

/* Begin PBXSourcesBuildPhase section */
		779DA60B28CA62BB00561000 /* Sources */ = {
			isa = PBXSourcesBuildPhase;
			buildActionMask = 2147483647;
			files = (
				776DF96828CF95B000809EA2 /* CollectionViewController.swift in Sources */,
				773A6E3D28CC74D500452D68 /* UIView+Extension.swift in Sources */,
				779DA61728CA62BB00561000 /* HomeViewController.swift in Sources */,
				770DF6DF28CA68BE00349D55 /* FutureDiaryController.swift in Sources */,
				776DF96A28CF980400809EA2 /* SearchViewController.swift in Sources */,
				77260C9428D5F199007453E7 /* ReusableTableViewCell.swift in Sources */,
				779DA61328CA62BB00561000 /* AppDelegate.swift in Sources */,
				773A6E4328CF6D0E00452D68 /* Color.swift in Sources */,
				7781265128CB2BA80078CAD6 /* Diary.swift in Sources */,
				770DF6E128CA68FB00349D55 /* SettingViewController.swift in Sources */,
				770DF6DD28CA68B300349D55 /* CurrentDiaryViewController.swift in Sources */,
				770DF6E528CA6A2700349D55 /* FutureDiaryViewModel.swift in Sources */,
				7722831C28D36268007A9557 /* Date+Extension.swift in Sources */,
				7722832428D50843007A9557 /* UIViewController+Extension.swift in Sources */,
				779DA61528CA62BB00561000 /* SceneDelegate.swift in Sources */,
				770DF6DB28CA676E00349D55 /* SideMenuNavigationController.swift in Sources */,
				770DF6E328CA6A1900349D55 /* CurrentDiaryViewModel.swift in Sources */,
				7766CF1A28D8DCF900F89B11 /* CopyrightViewViewController.swift in Sources */,
				776DF96C28D055EA00809EA2 /* CollectionHeaderReusableView.swift in Sources */,
				77260C9B28D6228E007453E7 /* LicenseViewController.swift in Sources */,
				773A6E3F28CC9F2600452D68 /* FuryTextField.swift in Sources */,
				770DF6EB28CA6BF900349D55 /* HomeCollectionViewCell.swift in Sources */,
				7781265328CB2C310078CAD6 /* RealmRepository.swift in Sources */,
			);
			runOnlyForDeploymentPostprocessing = 0;
		};
/* End PBXSourcesBuildPhase section */

/* Begin PBXVariantGroup section */
		779DA61D28CA62BC00561000 /* LaunchScreen.storyboard */ = {
			isa = PBXVariantGroup;
			children = (
				773A6E4128CF508700452D68 /* ko */,
			);
			name = LaunchScreen.storyboard;
			sourceTree = "<group>";
		};
/* End PBXVariantGroup section */

/* Begin XCBuildConfiguration section */
		779DA62128CA62BC00561000 /* Debug */ = {
			isa = XCBuildConfiguration;
			buildSettings = {
				ALWAYS_SEARCH_USER_PATHS = NO;
				CLANG_ANALYZER_LOCALIZABILITY_NONLOCALIZED = YES;
				CLANG_ANALYZER_NONNULL = YES;
				CLANG_ANALYZER_NUMBER_OBJECT_CONVERSION = YES_AGGRESSIVE;
				CLANG_CXX_LANGUAGE_STANDARD = "gnu++17";
				CLANG_ENABLE_MODULES = YES;
				CLANG_ENABLE_OBJC_ARC = YES;
				CLANG_ENABLE_OBJC_WEAK = YES;
				CLANG_WARN_BLOCK_CAPTURE_AUTORELEASING = YES;
				CLANG_WARN_BOOL_CONVERSION = YES;
				CLANG_WARN_COMMA = YES;
				CLANG_WARN_CONSTANT_CONVERSION = YES;
				CLANG_WARN_DEPRECATED_OBJC_IMPLEMENTATIONS = YES;
				CLANG_WARN_DIRECT_OBJC_ISA_USAGE = YES_ERROR;
				CLANG_WARN_DOCUMENTATION_COMMENTS = YES;
				CLANG_WARN_EMPTY_BODY = YES;
				CLANG_WARN_ENUM_CONVERSION = YES;
				CLANG_WARN_INFINITE_RECURSION = YES;
				CLANG_WARN_INT_CONVERSION = YES;
				CLANG_WARN_NON_LITERAL_NULL_CONVERSION = YES;
				CLANG_WARN_OBJC_IMPLICIT_RETAIN_SELF = YES;
				CLANG_WARN_OBJC_LITERAL_CONVERSION = YES;
				CLANG_WARN_OBJC_ROOT_CLASS = YES_ERROR;
				CLANG_WARN_QUOTED_INCLUDE_IN_FRAMEWORK_HEADER = YES;
				CLANG_WARN_RANGE_LOOP_ANALYSIS = YES;
				CLANG_WARN_STRICT_PROTOTYPES = YES;
				CLANG_WARN_SUSPICIOUS_MOVE = YES;
				CLANG_WARN_UNGUARDED_AVAILABILITY = YES_AGGRESSIVE;
				CLANG_WARN_UNREACHABLE_CODE = YES;
				CLANG_WARN__DUPLICATE_METHOD_MATCH = YES;
				COPY_PHASE_STRIP = NO;
				DEBUG_INFORMATION_FORMAT = dwarf;
				ENABLE_STRICT_OBJC_MSGSEND = YES;
				ENABLE_TESTABILITY = YES;
				GCC_C_LANGUAGE_STANDARD = gnu11;
				GCC_DYNAMIC_NO_PIC = NO;
				GCC_NO_COMMON_BLOCKS = YES;
				GCC_OPTIMIZATION_LEVEL = 0;
				GCC_PREPROCESSOR_DEFINITIONS = (
					"DEBUG=1",
					"$(inherited)",
				);
				GCC_WARN_64_TO_32_BIT_CONVERSION = YES;
				GCC_WARN_ABOUT_RETURN_TYPE = YES_ERROR;
				GCC_WARN_UNDECLARED_SELECTOR = YES;
				GCC_WARN_UNINITIALIZED_AUTOS = YES_AGGRESSIVE;
				GCC_WARN_UNUSED_FUNCTION = YES;
				GCC_WARN_UNUSED_VARIABLE = YES;
				IPHONEOS_DEPLOYMENT_TARGET = 14.0;
				MTL_ENABLE_DEBUG_INFO = INCLUDE_SOURCE;
				MTL_FAST_MATH = YES;
				ONLY_ACTIVE_ARCH = YES;
				SDKROOT = iphoneos;
				SWIFT_ACTIVE_COMPILATION_CONDITIONS = DEBUG;
				SWIFT_OPTIMIZATION_LEVEL = "-Onone";
			};
			name = Debug;
		};
		779DA62228CA62BC00561000 /* Release */ = {
			isa = XCBuildConfiguration;
			buildSettings = {
				ALWAYS_SEARCH_USER_PATHS = NO;
				CLANG_ANALYZER_LOCALIZABILITY_NONLOCALIZED = YES;
				CLANG_ANALYZER_NONNULL = YES;
				CLANG_ANALYZER_NUMBER_OBJECT_CONVERSION = YES_AGGRESSIVE;
				CLANG_CXX_LANGUAGE_STANDARD = "gnu++17";
				CLANG_ENABLE_MODULES = YES;
				CLANG_ENABLE_OBJC_ARC = YES;
				CLANG_ENABLE_OBJC_WEAK = YES;
				CLANG_WARN_BLOCK_CAPTURE_AUTORELEASING = YES;
				CLANG_WARN_BOOL_CONVERSION = YES;
				CLANG_WARN_COMMA = YES;
				CLANG_WARN_CONSTANT_CONVERSION = YES;
				CLANG_WARN_DEPRECATED_OBJC_IMPLEMENTATIONS = YES;
				CLANG_WARN_DIRECT_OBJC_ISA_USAGE = YES_ERROR;
				CLANG_WARN_DOCUMENTATION_COMMENTS = YES;
				CLANG_WARN_EMPTY_BODY = YES;
				CLANG_WARN_ENUM_CONVERSION = YES;
				CLANG_WARN_INFINITE_RECURSION = YES;
				CLANG_WARN_INT_CONVERSION = YES;
				CLANG_WARN_NON_LITERAL_NULL_CONVERSION = YES;
				CLANG_WARN_OBJC_IMPLICIT_RETAIN_SELF = YES;
				CLANG_WARN_OBJC_LITERAL_CONVERSION = YES;
				CLANG_WARN_OBJC_ROOT_CLASS = YES_ERROR;
				CLANG_WARN_QUOTED_INCLUDE_IN_FRAMEWORK_HEADER = YES;
				CLANG_WARN_RANGE_LOOP_ANALYSIS = YES;
				CLANG_WARN_STRICT_PROTOTYPES = YES;
				CLANG_WARN_SUSPICIOUS_MOVE = YES;
				CLANG_WARN_UNGUARDED_AVAILABILITY = YES_AGGRESSIVE;
				CLANG_WARN_UNREACHABLE_CODE = YES;
				CLANG_WARN__DUPLICATE_METHOD_MATCH = YES;
				COPY_PHASE_STRIP = NO;
				DEBUG_INFORMATION_FORMAT = "dwarf-with-dsym";
				ENABLE_NS_ASSERTIONS = NO;
				ENABLE_STRICT_OBJC_MSGSEND = YES;
				GCC_C_LANGUAGE_STANDARD = gnu11;
				GCC_NO_COMMON_BLOCKS = YES;
				GCC_WARN_64_TO_32_BIT_CONVERSION = YES;
				GCC_WARN_ABOUT_RETURN_TYPE = YES_ERROR;
				GCC_WARN_UNDECLARED_SELECTOR = YES;
				GCC_WARN_UNINITIALIZED_AUTOS = YES_AGGRESSIVE;
				GCC_WARN_UNUSED_FUNCTION = YES;
				GCC_WARN_UNUSED_VARIABLE = YES;
				IPHONEOS_DEPLOYMENT_TARGET = 14.0;
				MTL_ENABLE_DEBUG_INFO = NO;
				MTL_FAST_MATH = YES;
				SDKROOT = iphoneos;
				SWIFT_COMPILATION_MODE = wholemodule;
				SWIFT_OPTIMIZATION_LEVEL = "-O";
				VALIDATE_PRODUCT = YES;
			};
			name = Release;
		};
		779DA62428CA62BC00561000 /* Debug */ = {
			isa = XCBuildConfiguration;
			buildSettings = {
				ASSETCATALOG_COMPILER_APPICON_NAME = AppIcon;
				ASSETCATALOG_COMPILER_GLOBAL_ACCENT_COLOR_NAME = AccentColor;
				CODE_SIGN_STYLE = Automatic;
				CURRENT_PROJECT_VERSION = 1;
				DEVELOPMENT_TEAM = 682X55S89X;
				GENERATE_INFOPLIST_FILE = YES;
				INFOPLIST_FILE = FutureDiary/Info.plist;
				INFOPLIST_KEY_CFBundleDisplayName = Fury;
				INFOPLIST_KEY_UIApplicationSupportsIndirectInputEvents = YES;
				INFOPLIST_KEY_UILaunchStoryboardName = LaunchScreen;
				INFOPLIST_KEY_UISupportedInterfaceOrientations_iPad = "UIInterfaceOrientationPortrait UIInterfaceOrientationPortraitUpsideDown UIInterfaceOrientationLandscapeLeft UIInterfaceOrientationLandscapeRight";
				INFOPLIST_KEY_UISupportedInterfaceOrientations_iPhone = "UIInterfaceOrientationPortrait UIInterfaceOrientationLandscapeLeft UIInterfaceOrientationLandscapeRight";
				LD_RUNPATH_SEARCH_PATHS = (
					"$(inherited)",
					"@executable_path/Frameworks",
				);
				MARKETING_VERSION = 1.0;
				PRODUCT_BUNDLE_IDENTIFIER = com.MosonLee.FutureDiary;
				PRODUCT_NAME = "$(TARGET_NAME)";
				SWIFT_EMIT_LOC_STRINGS = YES;
				SWIFT_VERSION = 5.0;
				TARGETED_DEVICE_FAMILY = "1,2";
			};
			name = Debug;
		};
		779DA62528CA62BC00561000 /* Release */ = {
			isa = XCBuildConfiguration;
			buildSettings = {
				ASSETCATALOG_COMPILER_APPICON_NAME = AppIcon;
				ASSETCATALOG_COMPILER_GLOBAL_ACCENT_COLOR_NAME = AccentColor;
				CODE_SIGN_STYLE = Automatic;
				CURRENT_PROJECT_VERSION = 1;
				DEVELOPMENT_TEAM = 682X55S89X;
				GENERATE_INFOPLIST_FILE = YES;
				INFOPLIST_FILE = FutureDiary/Info.plist;
				INFOPLIST_KEY_CFBundleDisplayName = Fury;
				INFOPLIST_KEY_UIApplicationSupportsIndirectInputEvents = YES;
				INFOPLIST_KEY_UILaunchStoryboardName = LaunchScreen;
				INFOPLIST_KEY_UISupportedInterfaceOrientations_iPad = "UIInterfaceOrientationPortrait UIInterfaceOrientationPortraitUpsideDown UIInterfaceOrientationLandscapeLeft UIInterfaceOrientationLandscapeRight";
				INFOPLIST_KEY_UISupportedInterfaceOrientations_iPhone = "UIInterfaceOrientationPortrait UIInterfaceOrientationLandscapeLeft UIInterfaceOrientationLandscapeRight";
				LD_RUNPATH_SEARCH_PATHS = (
					"$(inherited)",
					"@executable_path/Frameworks",
				);
				MARKETING_VERSION = 1.0;
				PRODUCT_BUNDLE_IDENTIFIER = com.MosonLee.FutureDiary;
				PRODUCT_NAME = "$(TARGET_NAME)";
				SWIFT_EMIT_LOC_STRINGS = YES;
				SWIFT_VERSION = 5.0;
				TARGETED_DEVICE_FAMILY = "1,2";
			};
			name = Release;
		};
/* End XCBuildConfiguration section */

/* Begin XCConfigurationList section */
		779DA60A28CA62BB00561000 /* Build configuration list for PBXProject "FutureDiary" */ = {
			isa = XCConfigurationList;
			buildConfigurations = (
				779DA62128CA62BC00561000 /* Debug */,
				779DA62228CA62BC00561000 /* Release */,
			);
			defaultConfigurationIsVisible = 0;
			defaultConfigurationName = Release;
		};
		779DA62328CA62BC00561000 /* Build configuration list for PBXNativeTarget "FutureDiary" */ = {
			isa = XCConfigurationList;
			buildConfigurations = (
				779DA62428CA62BC00561000 /* Debug */,
				779DA62528CA62BC00561000 /* Release */,
			);
			defaultConfigurationIsVisible = 0;
			defaultConfigurationName = Release;
		};
/* End XCConfigurationList section */

/* Begin XCRemoteSwiftPackageReference section */
		770DF6CE28CA64EE00349D55 /* XCRemoteSwiftPackageReference "SideMenu" */ = {
			isa = XCRemoteSwiftPackageReference;
			repositoryURL = "https://github.com/jonkykong/SideMenu.git";
			requirement = {
				kind = upToNextMinorVersion;
				minimumVersion = 6.5.0;
			};
		};
		770DF6D128CA650500349D55 /* XCRemoteSwiftPackageReference "RxSwift" */ = {
			isa = XCRemoteSwiftPackageReference;
			repositoryURL = "https://github.com/ReactiveX/RxSwift.git";
			requirement = {
				kind = upToNextMajorVersion;
				minimumVersion = 6.0.0;
			};
		};
		7722832028D505D8007A9557 /* XCRemoteSwiftPackageReference "IQKeyboardManager" */ = {
			isa = XCRemoteSwiftPackageReference;
			repositoryURL = "https://github.com/hackiftekhar/IQKeyboardManager.git";
			requirement = {
				branch = master;
				kind = branch;
			};
		};
		77260C9728D61D3E007453E7 /* XCRemoteSwiftPackageReference "Zip" */ = {
			isa = XCRemoteSwiftPackageReference;
			repositoryURL = "https://github.com/marmelroy/Zip.git";
			requirement = {
				branch = master;
				kind = branch;
			};
		};
		7781264B28CB22A30078CAD6 /* XCRemoteSwiftPackageReference "realm-swift" */ = {
			isa = XCRemoteSwiftPackageReference;
			repositoryURL = "https://github.com/realm/realm-swift.git";
			requirement = {
				branch = master;
				kind = branch;
			};
		};
		7781265428CB2FB80078CAD6 /* XCRemoteSwiftPackageReference "Toast-Swift" */ = {
			isa = XCRemoteSwiftPackageReference;
			repositoryURL = "https://github.com/scalessec/Toast-Swift.git";
			requirement = {
				branch = master;
				kind = branch;
			};
		};
/* End XCRemoteSwiftPackageReference section */

/* Begin XCSwiftPackageProductDependency section */
		770DF6CF28CA64EE00349D55 /* SideMenu */ = {
			isa = XCSwiftPackageProductDependency;
			package = 770DF6CE28CA64EE00349D55 /* XCRemoteSwiftPackageReference "SideMenu" */;
			productName = SideMenu;
		};
		770DF6D228CA650500349D55 /* RxCocoa */ = {
			isa = XCSwiftPackageProductDependency;
			package = 770DF6D128CA650500349D55 /* XCRemoteSwiftPackageReference "RxSwift" */;
			productName = RxCocoa;
		};
		770DF6D428CA650500349D55 /* RxRelay */ = {
			isa = XCSwiftPackageProductDependency;
			package = 770DF6D128CA650500349D55 /* XCRemoteSwiftPackageReference "RxSwift" */;
			productName = RxRelay;
		};
		770DF6D628CA650500349D55 /* RxSwift */ = {
			isa = XCSwiftPackageProductDependency;
			package = 770DF6D128CA650500349D55 /* XCRemoteSwiftPackageReference "RxSwift" */;
			productName = RxSwift;
		};
		7722832128D505D8007A9557 /* IQKeyboardManagerSwift */ = {
			isa = XCSwiftPackageProductDependency;
			package = 7722832028D505D8007A9557 /* XCRemoteSwiftPackageReference "IQKeyboardManager" */;
			productName = IQKeyboardManagerSwift;
		};
		77260C9828D61D3E007453E7 /* Zip */ = {
			isa = XCSwiftPackageProductDependency;
			package = 77260C9728D61D3E007453E7 /* XCRemoteSwiftPackageReference "Zip" */;
			productName = Zip;
		};
		7781264C28CB22A30078CAD6 /* Realm */ = {
			isa = XCSwiftPackageProductDependency;
			package = 7781264B28CB22A30078CAD6 /* XCRemoteSwiftPackageReference "realm-swift" */;
			productName = Realm;
		};
		7781264E28CB22A30078CAD6 /* RealmSwift */ = {
			isa = XCSwiftPackageProductDependency;
			package = 7781264B28CB22A30078CAD6 /* XCRemoteSwiftPackageReference "realm-swift" */;
			productName = RealmSwift;
		};
		7781265528CB2FB80078CAD6 /* Toast */ = {
			isa = XCSwiftPackageProductDependency;
			package = 7781265428CB2FB80078CAD6 /* XCRemoteSwiftPackageReference "Toast-Swift" */;
			productName = Toast;
		};
/* End XCSwiftPackageProductDependency section */
	};
	rootObject = 779DA60728CA62BB00561000 /* Project object */;
}
